
Microsoft Visual Studio Solution File, Format Version 12.00
# Visual Studio Version 17
VisualStudioVersion = 17.3.32901.215
MinimumVisualStudioVersion = 10.0.40219.1
Project("{9A19103F-16F7-4668-BE54-9A1E7A4F7556}") = "VideOde.Terminal", "VideOde.Terminal\VideOde.Terminal.csproj", "{D64B4617-1CE2-4D23-9698-CC03BEAA5A07}"
EndProject
Project("{FAE04EC0-301F-11D3-BF4B-00C04F79EFBC}") = "VideOde.Data", "VideOde.Data\VideOde.Data.csproj", "{E0866FD8-AFA4-413A-916F-466DE1969141}"
EndProject
Global
	GlobalSection(SolutionConfigurationPlatforms) = preSolution
		Debug|Any CPU = Debug|Any CPU
		Release|Any CPU = Release|Any CPU
	EndGlobalSection
	GlobalSection(ProjectConfigurationPlatforms) = postSolution
		{D64B4617-1CE2-4D23-9698-CC03BEAA5A07}.Debug|Any CPU.ActiveCfg = Debug|Any CPU
		{D64B4617-1CE2-4D23-9698-CC03BEAA5A07}.Debug|Any CPU.Build.0 = Debug|Any CPU
		{D64B4617-1CE2-4D23-9698-CC03BEAA5A07}.Release|Any CPU.ActiveCfg = Release|Any CPU
		{D64B4617-1CE2-4D23-9698-CC03BEAA5A07}.Release|Any CPU.Build.0 = Release|Any CPU
		{E0866FD8-AFA4-413A-916F-466DE1969141}.Debug|Any CPU.ActiveCfg = Debug|Any CPU
		{E0866FD8-AFA4-413A-916F-466DE1969141}.Debug|Any CPU.Build.0 = Debug|Any CPU
		{E0866FD8-AFA4-413A-916F-466DE1969141}.Release|Any CPU.ActiveCfg = Release|Any CPU
		{E0866FD8-AFA4-413A-916F-466DE1969141}.Release|Any CPU.Build.0 = Release|Any CPU
	EndGlobalSection
	GlobalSection(SolutionProperties) = preSolution
		HideSolutionNode = FALSE
	EndGlobalSection
	GlobalSection(ExtensibilityGlobals) = postSolution
		SolutionGuid = {61BA0D09-CAF3-4B5C-B20B-B569DBD1703E}
	EndGlobalSection
EndGlobal
